{
	"name": "@fonos/websdk",
	"version": "0.2.6",
	"lockfileVersion": 2,
	"requires": true,
	"packages": {
		"": {
			"name": "@fonos/websdk",
			"version": "0.2.6",
			"license": "MIT",
			"dependencies": {
				"axios": "^0.24.0"
			},
			"devDependencies": {
				"@types/node": "^16.11.6"
			}
		},
		"../agents": {
			"name": "@fonos/agents",
			"version": "0.2.6",
			"extraneous": true,
			"license": "MIT",
			"dependencies": {
				"@fonos/auth": "^0.2.6",
				"@fonos/certs": "^0.2.6",
				"@fonos/common": "^0.2.6",
				"@fonos/core": "^0.2.6",
				"@fonos/logger": "^0.2.6",
				"@grpc/grpc-js": "^1.3.6",
				"google-protobuf": "^3.17.0",
				"grpc-promise": "^1.4.0"
			},
			"bin": {
				"healthcheck_agents": "dist/service/healthcheck.js",
				"run_agents": "dist/service/runner.js"
			}
		},
		"../auth": {
			"name": "@fonos/auth",
			"version": "0.2.6",
			"extraneous": true,
			"license": "MIT",
			"dependencies": {
				"@fonos/certs": "^0.2.6",
				"@fonos/common": "^0.2.6",
				"@fonos/errors": "^0.2.6",
				"@fonos/logger": "^0.2.6",
				"@grpc/grpc-js": "^1.3.6",
				"express": "^4.17.1",
				"google-protobuf": "^3.17.0",
				"grpc-promise": "^1.4.0",
				"jsonwebtoken": "^8.5.1"
			},
			"bin": {
				"healthcheck_auth": "dist/service/healthcheck.js",
				"run_auth": "dist/service/runner.js"
			},
			"devDependencies": {
				"@types/jsonwebtoken": "^8.5.0"
			}
		},
		"../certs": {
			"name": "@fonos/certs",
			"version": "0.2.6",
			"extraneous": true,
			"license": "MIT",
			"dependencies": {
				"@types/jsonwebtoken": "^8.5.0",
				"acme-client": "^4.1.3",
				"btoa": "^1.2.1",
				"jsonwebtoken": "^8.5.1"
			}
		},
		"../common": {
			"name": "@fonos/common",
			"version": "0.2.6",
			"extraneous": true,
			"license": "MIT",
			"dependencies": {
				"@fonos/certs": "^0.2.6",
				"@fonos/logger": "^0.2.6",
				"@grpc/grpc-js": "^1.3.6",
				"@speedymonster/grpc-interceptors": "^0.2.5",
				"atob": "^2.1.2",
				"deepmerge": "^4.2.2"
			}
		},
		"../core": {
			"name": "@fonos/core",
			"version": "0.2.6",
			"extraneous": true,
			"license": "MIT",
			"dependencies": {
				"@fonos/auth": "^0.2.6",
				"@fonos/certs": "^0.2.6",
				"@fonos/common": "^0.2.6",
				"@fonos/errors": "^0.2.6",
				"@fonos/logger": "^0.2.6",
				"@grpc/grpc-js": "^1.3.6",
				"atob": "^2.1.2",
				"axios": "^0.21.1",
				"btoa": "^1.2.1",
				"deepmerge": "^4.2.2",
				"grpc-ts-health-check": "^2.0.6",
				"ioredis": "^4.16.0",
				"nanoid": "^3.1.23",
				"phone": "^2.4.21"
			},
			"devDependencies": {
				"@types/btoa": "^1.2.3",
				"@types/ioredis": "^4.16.5"
			}
		},
		"../errors": {
			"name": "@fonos/errors",
			"version": "0.2.6",
			"extraneous": true,
			"license": "MIT"
		},
		"../logger": {
			"name": "@fonos/logger",
			"version": "0.2.6",
			"extraneous": true,
			"license": "MIT",
			"dependencies": {
				"fluent-logger": "^3.4.1",
				"winston": "^3.3.3"
			},
			"devDependencies": {
				"rimraf": "^3.0.2"
			}
		},
		"node_modules/@types/node": {
			"version": "16.11.6",
			"resolved": "https://registry.npmjs.org/@types/node/-/node-16.11.6.tgz",
			"integrity": "sha512-ua7PgUoeQFjmWPcoo9khiPum3Pd60k4/2ZGXt18sm2Slk0W0xZTqt5Y0Ny1NyBiN1EVQ/+FaF9NcY4Qe6rwk5w==",
			"dev": true
		},
		"node_modules/axios": {
			"version": "0.24.0",
			"resolved": "https://registry.npmjs.org/axios/-/axios-0.24.0.tgz",
			"integrity": "sha512-Q6cWsys88HoPgAaFAVUb0WpPk0O8iTeisR9IMqy9G8AbO4NlpVknrnQS03zzF9PGAWgO3cgletO3VjV/P7VztA==",
			"dependencies": {
				"follow-redirects": "^1.14.4"
			}
		},
		"node_modules/follow-redirects": {
			"version": "1.14.4",
			"resolved": "https://registry.npmjs.org/follow-redirects/-/follow-redirects-1.14.4.tgz",
			"integrity": "sha512-zwGkiSXC1MUJG/qmeIFH2HBJx9u0V46QGUe3YR1fXG8bXQxq7fLj0RjLZQ5nubr9qNJUZrH+xUcwXEoXNpfS+g==",
			"funding": [
				{
					"type": "individual",
					"url": "https://github.com/sponsors/RubenVerborgh"
				}
			],
			"engines": {
				"node": ">=4.0"
			},
			"peerDependenciesMeta": {
				"debug": {
					"optional": true
				}
			}
		}
	},
	"dependencies": {
		"@types/node": {
			"version": "16.11.6",
			"resolved": "https://registry.npmjs.org/@types/node/-/node-16.11.6.tgz",
			"integrity": "sha512-ua7PgUoeQFjmWPcoo9khiPum3Pd60k4/2ZGXt18sm2Slk0W0xZTqt5Y0Ny1NyBiN1EVQ/+FaF9NcY4Qe6rwk5w==",
			"dev": true
		},
		"axios": {
			"version": "0.24.0",
			"resolved": "https://registry.npmjs.org/axios/-/axios-0.24.0.tgz",
			"integrity": "sha512-Q6cWsys88HoPgAaFAVUb0WpPk0O8iTeisR9IMqy9G8AbO4NlpVknrnQS03zzF9PGAWgO3cgletO3VjV/P7VztA==",
			"requires": {
				"follow-redirects": "^1.14.4"
			}
		},
		"follow-redirects": {
			"version": "1.14.4",
			"resolved": "https://registry.npmjs.org/follow-redirects/-/follow-redirects-1.14.4.tgz",
			"integrity": "sha512-zwGkiSXC1MUJG/qmeIFH2HBJx9u0V46QGUe3YR1fXG8bXQxq7fLj0RjLZQ5nubr9qNJUZrH+xUcwXEoXNpfS+g=="
		}
	}
}
