{
	"name": "@fonos/providers",
	"version": "0.0.42",
	"lockfileVersion": 1,
	"requires": true,
	"dependencies": {
		"grpc-promise": {
			"version": "1.4.0",
			"resolved": "https://registry.npmjs.org/grpc-promise/-/grpc-promise-1.4.0.tgz",
			"integrity": "sha512-4BBXHXb5OjjBh7luylu8vFqL6H6aPn/LeqpQaSBeRzO/Xv95wHW/WkU9TJRqaCTMZ5wq9jTSvlJWp0vRJy1pVA=="
		}
	}
}
