{
	"name": "@fonos/dispatcher",
	"version": "0.0.3",
	"lockfileVersion": 1,
	"requires": true,
	"dependencies": {
		"agi-node": {
			"version": "github:psanders/agi-node#ae193fb4a17c2e8be78ca38689c6646907c6d591",
			"from": "github:psanders/agi-node",
			"requires": {
				"asterisk-manager": "^0.1.15",
				"sprintf-js": "^1.0.2",
				"sync": "^0.2.5"
			}
		},
		"asterisk-manager": {
			"version": "0.1.16",
			"resolved": "https://registry.npmjs.org/asterisk-manager/-/asterisk-manager-0.1.16.tgz",
			"integrity": "sha512-JxcgSutGhz6B2XtYkqkOI/sRH3hCGHmeNXuqNBw1JMtDMrRzpfuXB0keH4ouRtQPxdb2LIj83RWdR5uVnFim9A=="
		},
		"detect-libc": {
			"version": "1.0.3",
			"resolved": "https://registry.npmjs.org/detect-libc/-/detect-libc-1.0.3.tgz",
			"integrity": "sha1-+hN8S9aY7fVc1c0CrFWfkaTEups="
		},
		"dotenv": {
			"version": "8.2.0",
			"resolved": "https://registry.npmjs.org/dotenv/-/dotenv-8.2.0.tgz",
			"integrity": "sha512-8sJ78ElpbDJBHNeBzUbUVLsqKdccaa/BXF1uPTw3GrvQTBgrQrtObr2mUrE38vzYd8cEv+m/JBfDLioYcfXoaw=="
		},
		"fibers": {
			"version": "5.0.0",
			"resolved": "https://registry.npmjs.org/fibers/-/fibers-5.0.0.tgz",
			"integrity": "sha512-UpGv/YAZp7mhKHxDvC1tColrroGRX90sSvh8RMZV9leo+e5+EkRVgCEZPlmXeo3BUNQTZxUaVdLskq1Q2FyCPg==",
			"requires": {
				"detect-libc": "^1.0.3"
			}
		},
		"sprintf-js": {
			"version": "1.1.2",
			"resolved": "https://registry.npmjs.org/sprintf-js/-/sprintf-js-1.1.2.tgz",
			"integrity": "sha512-VE0SOVEHCk7Qc8ulkWw3ntAzXuqf7S2lvwQaDLRnUeIEaKNQJzV6BwmLKhOqT61aGhfUMrXeaBk+oDGCzvhcug=="
		},
		"sync": {
			"version": "0.2.5",
			"resolved": "https://registry.npmjs.org/sync/-/sync-0.2.5.tgz",
			"integrity": "sha1-ORC7m2ar7lZULi5w8M5UkDElLfY=",
			"requires": {
				"fibers": ">=0.6"
			}
		},
		"vm2": {
			"version": "3.9.2",
			"resolved": "https://registry.npmjs.org/vm2/-/vm2-3.9.2.tgz",
			"integrity": "sha512-nzyFmHdy2FMg7mYraRytc2jr4QBaUY3TEGe3q3bK8EgS9WC98wxn2jrPxS/ruWm+JGzrEIIeufKweQzVoQEd+Q=="
		}
	}
}
