{
	"name": "@fonos/storage",
	"version": "0.0.46",
	"lockfileVersion": 1,
	"requires": true,
	"dependencies": {
		"@types/fibers": {
			"version": "3.1.0",
			"resolved": "https://registry.npmjs.org/@types/fibers/-/fibers-3.1.0.tgz",
			"integrity": "sha512-1o3I9xtk2PZFxwaLCC6gTaBfBZ5rvw/DSZZPK89fwuwO6LNrzSbC6rEs1xI0bQ3fCRWmO+uNJQQeD2J56oTMDg==",
			"dev": true
		},
		"bson": {
			"version": "0.1.9",
			"resolved": "https://registry.npmjs.org/bson/-/bson-0.1.9.tgz",
			"integrity": "sha1-dSj4Htdw5tYwyowszfU5SkCW2xQ="
		},
		"detect-libc": {
			"version": "1.0.3",
			"resolved": "https://registry.npmjs.org/detect-libc/-/detect-libc-1.0.3.tgz",
			"integrity": "sha1-+hN8S9aY7fVc1c0CrFWfkaTEups="
		},
		"dotenv": {
			"version": "8.2.0",
			"resolved": "https://registry.npmjs.org/dotenv/-/dotenv-8.2.0.tgz",
			"integrity": "sha512-8sJ78ElpbDJBHNeBzUbUVLsqKdccaa/BXF1uPTw3GrvQTBgrQrtObr2mUrE38vzYd8cEv+m/JBfDLioYcfXoaw==",
			"dev": true
		},
		"fibers": {
			"version": "5.0.0",
			"resolved": "https://registry.npmjs.org/fibers/-/fibers-5.0.0.tgz",
			"integrity": "sha512-UpGv/YAZp7mhKHxDvC1tColrroGRX90sSvh8RMZV9leo+e5+EkRVgCEZPlmXeo3BUNQTZxUaVdLskq1Q2FyCPg==",
			"requires": {
				"detect-libc": "^1.0.3"
			}
		},
		"objectid": {
			"version": "3.2.1",
			"resolved": "https://registry.npmjs.org/objectid/-/objectid-3.2.1.tgz",
			"integrity": "sha1-o7eitNZfOoNI74SX8CMGm1ywGd4=",
			"requires": {
				"bson": "^0.1.9"
			}
		},
		"sync": {
			"version": "0.2.5",
			"resolved": "https://registry.npmjs.org/sync/-/sync-0.2.5.tgz",
			"integrity": "sha1-ORC7m2ar7lZULi5w8M5UkDElLfY=",
			"requires": {
				"fibers": ">=0.6"
			}
		},
		"typescript": {
			"version": "3.9.5",
			"resolved": "https://registry.npmjs.org/typescript/-/typescript-3.9.5.tgz",
			"integrity": "sha512-hSAifV3k+i6lEoCJ2k6R2Z/rp/H3+8sdmcn5NrS3/3kE7+RyZXm9aqvxWqjEXHAd8b0pShatpcdMTvEdvAJltQ==",
			"dev": true
		}
	}
}
