{
	"name": "@fonoster/secrets",
	"version": "0.2.44",
	"lockfileVersion": 2,
	"requires": true,
	"packages": {
		"": {
			"name": "@fonoster/secrets",
			"version": "0.2.29",
			"license": "MIT",
			"dependencies": {
				"axios": "^0.21.1"
			},
			"bin": {
				"healthcheck_secrets": "dist/service/healthcheck.js",
				"init": "dist/utils/init.js",
				"run_secrets": "dist/service/runner.js"
			}
		},
		"../auth": {
			"name": "@fonoster/auth",
			"version": "0.2.29",
			"extraneous": true,
			"license": "MIT",
			"dependencies": {
				"@fonoster/certs": "^0.2.29",
				"@fonoster/common": "^0.2.29",
				"@fonoster/errors": "^0.2.29",
				"@fonoster/logger": "^0.2.29",
				"@grpc/grpc-js": "^1.3.6",
				"express": "^4.17.1",
				"google-protobuf": "^3.17.0",
				"grpc-promise": "^1.4.0",
				"jsonwebtoken": "^8.5.1"
			},
			"bin": {
				"healthcheck_auth": "dist/service/healthcheck.js",
				"run_auth": "dist/service/runner.js"
			},
			"devDependencies": {
				"@types/jsonwebtoken": "^8.5.0"
			}
		},
		"../certs": {
			"name": "@fonoster/certs",
			"version": "0.2.29",
			"extraneous": true,
			"license": "MIT",
			"dependencies": {
				"@types/jsonwebtoken": "^8.5.0",
				"acme-client": "^4.1.3",
				"btoa": "^1.2.1",
				"jsonwebtoken": "^8.5.1"
			}
		},
		"../common": {
			"name": "@fonoster/common",
			"version": "0.2.29",
			"extraneous": true,
			"license": "MIT",
			"dependencies": {
				"@fonoster/certs": "^0.2.29",
				"@fonoster/logger": "^0.2.29",
				"@grpc/grpc-js": "^1.3.6",
				"@speedymonster/grpc-interceptors": "^0.2.5",
				"atob": "^2.1.2",
				"deepmerge": "^4.2.2"
			}
		},
		"../core": {
			"name": "@fonoster/core",
			"version": "0.2.29",
			"extraneous": true,
			"license": "MIT",
			"dependencies": {
				"@fonoster/auth": "^0.2.29",
				"@fonoster/certs": "^0.2.29",
				"@fonoster/common": "^0.2.29",
				"@fonoster/errors": "^0.2.29",
				"@fonoster/logger": "^0.2.29",
				"@grpc/grpc-js": "^1.3.6",
				"atob": "^2.1.2",
				"axios": "^0.21.1",
				"btoa": "^1.2.1",
				"deepmerge": "^4.2.2",
				"grpc-ts-health-check": "^2.0.6",
				"ioredis": "^4.16.0",
				"nanoid": "^3.1.23",
				"phone": "^2.4.21"
			},
			"devDependencies": {
				"@types/btoa": "^1.2.3",
				"@types/ioredis": "^4.16.5"
			}
		},
		"../errors": {
			"name": "@fonoster/errors",
			"version": "0.2.29",
			"extraneous": true,
			"license": "MIT"
		},
		"../logger": {
			"name": "@fonoster/logger",
			"version": "0.2.29",
			"extraneous": true,
			"license": "MIT",
			"dependencies": {
				"fluent-logger": "^3.4.1",
				"winston": "^3.3.3"
			},
			"devDependencies": {
				"rimraf": "^3.0.2"
			}
		},
		"node_modules/axios": {
			"version": "0.21.4",
			"resolved": "https://registry.npmjs.org/axios/-/axios-0.21.4.tgz",
			"integrity": "sha512-ut5vewkiu8jjGBdqpM44XxjuCjq9LAKeHVmoVfHVzy8eHgxxq8SbAVQNovDA8mVi05kP0Ea/n/UzcSHcTJQfNg==",
			"dependencies": {
				"follow-redirects": "^1.14.0"
			}
		},
		"node_modules/axios/node_modules/follow-redirects": {
			"version": "1.14.6",
			"resolved": "https://registry.npmjs.org/follow-redirects/-/follow-redirects-1.14.6.tgz",
			"integrity": "sha512-fhUl5EwSJbbl8AR+uYL2KQDxLkdSjZGR36xy46AO7cOMTrCMON6Sa28FmAnC2tRTDbd/Uuzz3aJBv7EBN7JH8A==",
			"funding": [
				{
					"type": "individual",
					"url": "https://github.com/sponsors/RubenVerborgh"
				}
			],
			"engines": {
				"node": ">=4.0"
			},
			"peerDependenciesMeta": {
				"debug": {
					"optional": true
				}
			}
		}
	},
	"dependencies": {
		"axios": {
			"version": "0.21.4",
			"resolved": "https://registry.npmjs.org/axios/-/axios-0.21.4.tgz",
			"integrity": "sha512-ut5vewkiu8jjGBdqpM44XxjuCjq9LAKeHVmoVfHVzy8eHgxxq8SbAVQNovDA8mVi05kP0Ea/n/UzcSHcTJQfNg==",
			"requires": {
				"follow-redirects": "^1.14.0"
			},
			"dependencies": {
				"follow-redirects": {
					"version": "1.14.6",
					"resolved": "https://registry.npmjs.org/follow-redirects/-/follow-redirects-1.14.6.tgz",
					"integrity": "sha512-fhUl5EwSJbbl8AR+uYL2KQDxLkdSjZGR36xy46AO7cOMTrCMON6Sa28FmAnC2tRTDbd/Uuzz3aJBv7EBN7JH8A=="
				}
			}
		}
	}
}
