{
  "name": "@fonoster/tts",
  "version": "0.4.0",
  "lockfileVersion": 2,
  "requires": true,
  "packages": {
    "": {
      "name": "@fonoster/tts",
      "version": "0.4.0",
      "license": "MIT",
      "dependencies": {
        "flat": "^5.0.2",
        "sox-audio": "^0.3.0"
      }
    },
    "node_modules/flat": {
      "version": "5.0.2",
      "resolved": "https://registry.npmjs.org/flat/-/flat-5.0.2.tgz",
      "integrity": "sha512-b6suED+5/3rTpUBdG1gupIl8MPFCAMA0QXwmljLhvCUKcUvdE4gWky9zpuGCcXHOsz4J9wPGNWq6OKpmIzz3hQ==",
      "bin": {
        "flat": "cli.js"
      }
    },
    "node_modules/sox-audio": {
      "version": "0.3.0",
      "resolved": "https://registry.npmjs.org/sox-audio/-/sox-audio-0.3.0.tgz",
      "integrity": "sha512-CsyXI3pz3L7sh/e8cG20kxJi9Lm70yqZL7NRqDQqkDX63iWZfct8Aj7aJ0/JACrAXNuyagXV7D6h8D9nXfvxuQ==",
      "dependencies": {
        "through": "^2.3.6"
      }
    },
    "node_modules/through": {
      "version": "2.3.8",
      "resolved": "https://registry.npmjs.org/through/-/through-2.3.8.tgz",
      "integrity": "sha512-w89qg7PI8wAdvX60bMDP+bFoD5Dvhm9oLheFp5O4a2QF0cSBGsBX4qZmadPMvVqlLJBBci+WqGGOAPvcDeNSVg=="
    }
  },
  "dependencies": {
    "flat": {
      "version": "5.0.2",
      "resolved": "https://registry.npmjs.org/flat/-/flat-5.0.2.tgz",
      "integrity": "sha512-b6suED+5/3rTpUBdG1gupIl8MPFCAMA0QXwmljLhvCUKcUvdE4gWky9zpuGCcXHOsz4J9wPGNWq6OKpmIzz3hQ=="
    },
    "sox-audio": {
      "version": "0.3.0",
      "resolved": "https://registry.npmjs.org/sox-audio/-/sox-audio-0.3.0.tgz",
      "integrity": "sha512-CsyXI3pz3L7sh/e8cG20kxJi9Lm70yqZL7NRqDQqkDX63iWZfct8Aj7aJ0/JACrAXNuyagXV7D6h8D9nXfvxuQ==",
      "requires": {
        "through": "^2.3.6"
      }
    },
    "through": {
      "version": "2.3.8",
      "resolved": "https://registry.npmjs.org/through/-/through-2.3.8.tgz",
      "integrity": "sha512-w89qg7PI8wAdvX60bMDP+bFoD5Dvhm9oLheFp5O4a2QF0cSBGsBX4qZmadPMvVqlLJBBci+WqGGOAPvcDeNSVg=="
    }
  }
}
