{
	"name": "@yaps/tts",
	"version": "0.0.3",
	"lockfileVersion": 1,
	"requires": true,
	"dependencies": {
		"deepmerge": {
			"version": "4.2.2",
			"resolved": "https://registry.npmjs.org/deepmerge/-/deepmerge-4.2.2.tgz",
			"integrity": "sha512-FJ3UgI4gIl+PHZm53knsuSFpE+nESMr7M4v9QcgB7S63Kj/6WqMiFQJpBBYz1Pt+66bZpP3Q7Lye0Oo9MPKEdg=="
		},
		"detect-libc": {
			"version": "1.0.3",
			"resolved": "https://registry.npmjs.org/detect-libc/-/detect-libc-1.0.3.tgz",
			"integrity": "sha1-+hN8S9aY7fVc1c0CrFWfkaTEups="
		},
		"dotenv": {
			"version": "8.2.0",
			"resolved": "https://registry.npmjs.org/dotenv/-/dotenv-8.2.0.tgz",
			"integrity": "sha512-8sJ78ElpbDJBHNeBzUbUVLsqKdccaa/BXF1uPTw3GrvQTBgrQrtObr2mUrE38vzYd8cEv+m/JBfDLioYcfXoaw=="
		},
		"fibers": {
			"version": "4.0.2",
			"resolved": "https://registry.npmjs.org/fibers/-/fibers-4.0.2.tgz",
			"integrity": "sha512-FhICi1K4WZh9D6NC18fh2ODF3EWy1z0gzIdV9P7+s2pRjfRBnCkMDJ6x3bV1DkVymKH8HGrQa/FNOBjYvnJ/tQ==",
			"requires": {
				"detect-libc": "^1.0.3"
			}
		},
		"flat": {
			"version": "5.0.0",
			"resolved": "https://registry.npmjs.org/flat/-/flat-5.0.0.tgz",
			"integrity": "sha512-6KSMM+cHHzXC/hpldXApL2S8Uz+QZv+tq5o/L0KQYleoG+GcwrnIJhTWC7tCOiKQp8D/fIvryINU1OZCCwevjA==",
			"requires": {
				"is-buffer": "~2.0.4"
			}
		},
		"is-buffer": {
			"version": "2.0.4",
			"resolved": "https://registry.npmjs.org/is-buffer/-/is-buffer-2.0.4.tgz",
			"integrity": "sha512-Kq1rokWXOPXWuaMAqZiJW4XxsmD9zGx9q4aePabbn3qCRGedtH7Cm+zV8WETitMfu1wdh+Rvd6w5egwSngUX2A=="
		},
		"sox-audio": {
			"version": "0.3.0",
			"resolved": "https://registry.npmjs.org/sox-audio/-/sox-audio-0.3.0.tgz",
			"integrity": "sha1-3UOk3X+pf/QGY5DDmQOuSrGYrsU=",
			"requires": {
				"through": "^2.3.6"
			}
		},
		"sync": {
			"version": "0.2.5",
			"resolved": "https://registry.npmjs.org/sync/-/sync-0.2.5.tgz",
			"integrity": "sha1-ORC7m2ar7lZULi5w8M5UkDElLfY=",
			"requires": {
				"fibers": ">=0.6"
			}
		},
		"through": {
			"version": "2.3.8",
			"resolved": "https://registry.npmjs.org/through/-/through-2.3.8.tgz",
			"integrity": "sha1-DdTJ/6q8NXlgsbckEV1+Doai4fU="
		}
	}
}
