{
	"name": "logger",
	"version": "1.0.0",
	"lockfileVersion": 1,
	"requires": true,
	"dependencies": {
		"@types/node": {
			"version": "14.0.5",
			"resolved": "https://registry.npmjs.org/@types/node/-/node-14.0.5.tgz",
			"integrity": "sha512-90hiq6/VqtQgX8Sp0EzeIsv3r+ellbGj4URKj5j30tLlZvRUpnAe9YbYnjl3pJM93GyXU0tghHhvXHq+5rnCKA==",
			"dev": true
		},
		"typescript": {
			"version": "3.9.3",
			"resolved": "https://registry.npmjs.org/typescript/-/typescript-3.9.3.tgz",
			"integrity": "sha512-D/wqnB2xzNFIcoBG9FG8cXRDjiqSTbG2wd8DMZeQyJlP1vfTkIxH4GKveWaEBYySKIg+USu+E+EDIR47SqnaMQ==",
			"dev": true
		}
	}
}
