{
	"name": "@fonos/errors",
	"version": "0.0.1",
	"lockfileVersion": 1,
	"requires": true,
	"dependencies": {
		"@sinonjs/commons": {
			"version": "1.7.1",
			"resolved": "https://registry.npmjs.org/@sinonjs/commons/-/commons-1.7.1.tgz",
			"integrity": "sha512-Debi3Baff1Qu1Unc3mjJ96MgpbwTn43S1+9yJ0llWygPwDNu2aaWBD6yc9y/Z8XDRNhx7U+u2UDg2OGQXkclUQ==",
			"dev": true,
			"requires": {
				"type-detect": "4.0.8"
			}
		},
		"@sinonjs/fake-timers": {
			"version": "6.0.1",
			"resolved": "https://registry.npmjs.org/@sinonjs/fake-timers/-/fake-timers-6.0.1.tgz",
			"integrity": "sha512-MZPUxrmFubI36XS1DI3qmI0YdN1gks62JtFZvxR67ljjSNCeK6U08Zx4msEWOXuofgqUt6zPHSi1H9fbjR/NRA==",
			"dev": true,
			"requires": {
				"@sinonjs/commons": "^1.7.0"
			}
		},
		"@sinonjs/formatio": {
			"version": "5.0.1",
			"resolved": "https://registry.npmjs.org/@sinonjs/formatio/-/formatio-5.0.1.tgz",
			"integrity": "sha512-KaiQ5pBf1MpS09MuA0kp6KBQt2JUOQycqVG1NZXvzeaXe5LGFqAKueIS0bw4w0P9r7KuBSVdUk5QjXsUdu2CxQ==",
			"dev": true,
			"requires": {
				"@sinonjs/commons": "^1",
				"@sinonjs/samsam": "^5.0.2"
			}
		},
		"@sinonjs/samsam": {
			"version": "5.0.3",
			"resolved": "https://registry.npmjs.org/@sinonjs/samsam/-/samsam-5.0.3.tgz",
			"integrity": "sha512-QucHkc2uMJ0pFGjJUDP3F9dq5dx8QIaqISl9QgwLOh6P9yv877uONPGXh/OH/0zmM3tW1JjuJltAZV2l7zU+uQ==",
			"dev": true,
			"requires": {
				"@sinonjs/commons": "^1.6.0",
				"lodash.get": "^4.4.2",
				"type-detect": "^4.0.8"
			}
		},
		"@sinonjs/text-encoding": {
			"version": "0.7.1",
			"resolved": "https://registry.npmjs.org/@sinonjs/text-encoding/-/text-encoding-0.7.1.tgz",
			"integrity": "sha512-+iTbntw2IZPb/anVDbypzfQa+ay64MW0Zo8aJ8gZPWMMK6/OubMVb6lUPMagqjOPnmtauXnFCACVl3O7ogjeqQ==",
			"dev": true
		},
		"@types/bytebuffer": {
			"version": "5.0.41",
			"resolved": "https://registry.npmjs.org/@types/bytebuffer/-/bytebuffer-5.0.41.tgz",
			"integrity": "sha512-Mdrv4YcaHvpkx25ksqqFaezktx3yZRcd51GZY0rY/9avyaqZdiT/GiWRhfrJhMpgzXqTOSHgGvsumGxJFNiZZA==",
			"requires": {
				"@types/long": "*",
				"@types/node": "*"
			}
		},
		"@types/long": {
			"version": "4.0.1",
			"resolved": "https://registry.npmjs.org/@types/long/-/long-4.0.1.tgz",
			"integrity": "sha512-5tXH6Bx/kNGd3MgffdmP4dy2Z+G4eaXw0SE81Tq3BNadtnMR5/ySMzX4SLEzHJzSmPNn4HIdpQsBvXMUykr58w=="
		},
		"@types/node": {
			"version": "13.13.5",
			"resolved": "https://registry.npmjs.org/@types/node/-/node-13.13.5.tgz",
			"integrity": "sha512-3ySmiBYJPqgjiHA7oEaIo2Rzz0HrOZ7yrNO5HWyaE5q0lQ3BppDZ3N53Miz8bw2I7gh1/zir2MGVZBvpb1zq9g=="
		},
		"ascli": {
			"version": "1.0.1",
			"resolved": "https://registry.npmjs.org/ascli/-/ascli-1.0.1.tgz",
			"integrity": "sha1-vPpZdKYvGOgcq660lzKrSoj5Brw=",
			"requires": {
				"colour": "~0.7.1",
				"optjs": "~3.2.2"
			}
		},
		"assertion-error": {
			"version": "1.1.0",
			"resolved": "https://registry.npmjs.org/assertion-error/-/assertion-error-1.1.0.tgz",
			"integrity": "sha512-jgsaNduz+ndvGyFt3uSuWqvy4lCnIJiovtouQN5JZHOKCS2QuhEdbcQHFhVksz2N2U9hXJo8odG7ETyWlEeuDw==",
			"dev": true
		},
		"balanced-match": {
			"version": "1.0.0",
			"resolved": "https://registry.npmjs.org/balanced-match/-/balanced-match-1.0.0.tgz",
			"integrity": "sha1-ibTRmasr7kneFk6gK4nORi1xt2c="
		},
		"brace-expansion": {
			"version": "1.1.11",
			"resolved": "https://registry.npmjs.org/brace-expansion/-/brace-expansion-1.1.11.tgz",
			"integrity": "sha512-iCuPHDFgrHX7H2vEI/5xpz07zSHB00TpugqhmYtVmMO6518mCuRMoOYFldEBl0g187ufozdaHgWKcYFb61qGiA==",
			"requires": {
				"balanced-match": "^1.0.0",
				"concat-map": "0.0.1"
			}
		},
		"bytebuffer": {
			"version": "5.0.1",
			"resolved": "https://registry.npmjs.org/bytebuffer/-/bytebuffer-5.0.1.tgz",
			"integrity": "sha1-WC7qSxqHO20CCkjVjfhfC7ps/d0=",
			"requires": {
				"long": "~3"
			}
		},
		"camelcase": {
			"version": "2.1.1",
			"resolved": "https://registry.npmjs.org/camelcase/-/camelcase-2.1.1.tgz",
			"integrity": "sha1-fB0W1nmhu+WcoCys7PsBHiAfWh8="
		},
		"chai": {
			"version": "4.2.0",
			"resolved": "https://registry.npmjs.org/chai/-/chai-4.2.0.tgz",
			"integrity": "sha512-XQU3bhBukrOsQCuwZndwGcCVQHyZi53fQ6Ys1Fym7E4olpIqqZZhhoFJoaKVvV17lWQoXYwgWN2nF5crA8J2jw==",
			"dev": true,
			"requires": {
				"assertion-error": "^1.1.0",
				"check-error": "^1.0.2",
				"deep-eql": "^3.0.1",
				"get-func-name": "^2.0.0",
				"pathval": "^1.1.0",
				"type-detect": "^4.0.5"
			}
		},
		"chai-as-promised": {
			"version": "7.1.1",
			"resolved": "https://registry.npmjs.org/chai-as-promised/-/chai-as-promised-7.1.1.tgz",
			"integrity": "sha512-azL6xMoi+uxu6z4rhWQ1jbdUhOMhis2PvscD/xjLqNMkv3BPPp2JyyuTHOrf9BOosGpNQ11v6BKv/g57RXbiaA==",
			"dev": true,
			"requires": {
				"check-error": "^1.0.2"
			}
		},
		"check-error": {
			"version": "1.0.2",
			"resolved": "https://registry.npmjs.org/check-error/-/check-error-1.0.2.tgz",
			"integrity": "sha1-V00xLt2Iu13YkS6Sht1sCu1KrII=",
			"dev": true
		},
		"cliui": {
			"version": "3.2.0",
			"resolved": "https://registry.npmjs.org/cliui/-/cliui-3.2.0.tgz",
			"integrity": "sha1-EgYBU3qRbSmUD5NNo7SNWFo5IT0=",
			"requires": {
				"string-width": "^1.0.1",
				"strip-ansi": "^3.0.1",
				"wrap-ansi": "^2.0.0"
			},
			"dependencies": {
				"ansi-regex": {
					"version": "2.1.1",
					"resolved": "https://registry.npmjs.org/ansi-regex/-/ansi-regex-2.1.1.tgz",
					"integrity": "sha1-w7M6te42DYbg5ijwRorn7yfWVN8="
				},
				"is-fullwidth-code-point": {
					"version": "1.0.0",
					"resolved": "https://registry.npmjs.org/is-fullwidth-code-point/-/is-fullwidth-code-point-1.0.0.tgz",
					"integrity": "sha1-754xOG8DGn8NZDr4L95QxFfvAMs=",
					"requires": {
						"number-is-nan": "^1.0.0"
					}
				},
				"string-width": {
					"version": "1.0.2",
					"resolved": "https://registry.npmjs.org/string-width/-/string-width-1.0.2.tgz",
					"integrity": "sha1-EYvfW4zcUaKn5w0hHgfisLmxB9M=",
					"requires": {
						"code-point-at": "^1.0.0",
						"is-fullwidth-code-point": "^1.0.0",
						"strip-ansi": "^3.0.0"
					}
				},
				"strip-ansi": {
					"version": "3.0.1",
					"resolved": "https://registry.npmjs.org/strip-ansi/-/strip-ansi-3.0.1.tgz",
					"integrity": "sha1-ajhfuIU9lS1f8F0Oiq+UJ43GPc8=",
					"requires": {
						"ansi-regex": "^2.0.0"
					}
				}
			}
		},
		"code-point-at": {
			"version": "1.1.0",
			"resolved": "https://registry.npmjs.org/code-point-at/-/code-point-at-1.1.0.tgz",
			"integrity": "sha1-DQcLTQQ6W+ozovGkDi7bPZpMz3c="
		},
		"colour": {
			"version": "0.7.1",
			"resolved": "https://registry.npmjs.org/colour/-/colour-0.7.1.tgz",
			"integrity": "sha1-nLFpkX7F0SwHNtPoaFdG3xyt93g="
		},
		"concat-map": {
			"version": "0.0.1",
			"resolved": "https://registry.npmjs.org/concat-map/-/concat-map-0.0.1.tgz",
			"integrity": "sha1-2Klr13/Wjfd5OnMDajug1UBdR3s="
		},
		"decamelize": {
			"version": "1.2.0",
			"resolved": "https://registry.npmjs.org/decamelize/-/decamelize-1.2.0.tgz",
			"integrity": "sha1-9lNNFRSCabIDUue+4m9QH5oZEpA="
		},
		"deep-eql": {
			"version": "3.0.1",
			"resolved": "https://registry.npmjs.org/deep-eql/-/deep-eql-3.0.1.tgz",
			"integrity": "sha512-+QeIQyN5ZuO+3Uk5DYh6/1eKO0m0YmJFGNmFHGACpf1ClL1nmlV/p4gNgbl2pJGxgXb4faqo6UE+M5ACEMyVcw==",
			"dev": true,
			"requires": {
				"type-detect": "^4.0.0"
			}
		},
		"diff": {
			"version": "4.0.2",
			"resolved": "https://registry.npmjs.org/diff/-/diff-4.0.2.tgz",
			"integrity": "sha512-58lmxKSA4BNyLz+HHMUzlOEpg09FV+ev6ZMe3vJihgdxzgcwZ8VoEEPmALCZG9LmqfVoNMMKpttIYTVG6uDY7A==",
			"dev": true
		},
		"fs.realpath": {
			"version": "1.0.0",
			"resolved": "https://registry.npmjs.org/fs.realpath/-/fs.realpath-1.0.0.tgz",
			"integrity": "sha1-FQStJSMVjKpA20onh8sBQRmU6k8="
		},
		"get-func-name": {
			"version": "2.0.0",
			"resolved": "https://registry.npmjs.org/get-func-name/-/get-func-name-2.0.0.tgz",
			"integrity": "sha1-6td0q+5y4gQJQzoGY2YCPdaIekE=",
			"dev": true
		},
		"glob": {
			"version": "7.1.6",
			"resolved": "https://registry.npmjs.org/glob/-/glob-7.1.6.tgz",
			"integrity": "sha512-LwaxwyZ72Lk7vZINtNNrywX0ZuLyStrdDtabefZKAY5ZGJhVtgdznluResxNmPitE0SAO+O26sWTHeKSI2wMBA==",
			"requires": {
				"fs.realpath": "^1.0.0",
				"inflight": "^1.0.4",
				"inherits": "2",
				"minimatch": "^3.0.4",
				"once": "^1.3.0",
				"path-is-absolute": "^1.0.0"
			}
		},
		"grpc": {
			"version": "1.24.2",
			"resolved": "https://registry.npmjs.org/grpc/-/grpc-1.24.2.tgz",
			"integrity": "sha512-EG3WH6AWMVvAiV15d+lr+K77HJ/KV/3FvMpjKjulXHbTwgDZkhkcWbwhxFAoTdxTkQvy0WFcO3Nog50QBbHZWw==",
			"requires": {
				"@types/bytebuffer": "^5.0.40",
				"lodash.camelcase": "^4.3.0",
				"lodash.clone": "^4.5.0",
				"nan": "^2.13.2",
				"node-pre-gyp": "^0.14.0",
				"protobufjs": "^5.0.3"
			},
			"dependencies": {
				"abbrev": {
					"version": "1.1.1",
					"bundled": true
				},
				"ansi-regex": {
					"version": "2.1.1",
					"bundled": true
				},
				"aproba": {
					"version": "1.2.0",
					"bundled": true
				},
				"are-we-there-yet": {
					"version": "1.1.5",
					"bundled": true,
					"requires": {
						"delegates": "^1.0.0",
						"readable-stream": "^2.0.6"
					}
				},
				"balanced-match": {
					"version": "1.0.0",
					"bundled": true
				},
				"brace-expansion": {
					"version": "1.1.11",
					"bundled": true,
					"requires": {
						"balanced-match": "^1.0.0",
						"concat-map": "0.0.1"
					}
				},
				"chownr": {
					"version": "1.1.3",
					"bundled": true
				},
				"code-point-at": {
					"version": "1.1.0",
					"bundled": true
				},
				"concat-map": {
					"version": "0.0.1",
					"bundled": true
				},
				"console-control-strings": {
					"version": "1.1.0",
					"bundled": true
				},
				"core-util-is": {
					"version": "1.0.2",
					"bundled": true
				},
				"debug": {
					"version": "3.2.6",
					"bundled": true,
					"requires": {
						"ms": "^2.1.1"
					}
				},
				"deep-extend": {
					"version": "0.6.0",
					"bundled": true
				},
				"delegates": {
					"version": "1.0.0",
					"bundled": true
				},
				"detect-libc": {
					"version": "1.0.3",
					"bundled": true
				},
				"fs-minipass": {
					"version": "1.2.7",
					"bundled": true,
					"requires": {
						"minipass": "^2.6.0"
					}
				},
				"fs.realpath": {
					"version": "1.0.0",
					"bundled": true
				},
				"gauge": {
					"version": "2.7.4",
					"bundled": true,
					"requires": {
						"aproba": "^1.0.3",
						"console-control-strings": "^1.0.0",
						"has-unicode": "^2.0.0",
						"object-assign": "^4.1.0",
						"signal-exit": "^3.0.0",
						"string-width": "^1.0.1",
						"strip-ansi": "^3.0.1",
						"wide-align": "^1.1.0"
					}
				},
				"glob": {
					"version": "7.1.4",
					"bundled": true,
					"requires": {
						"fs.realpath": "^1.0.0",
						"inflight": "^1.0.4",
						"inherits": "2",
						"minimatch": "^3.0.4",
						"once": "^1.3.0",
						"path-is-absolute": "^1.0.0"
					}
				},
				"has-unicode": {
					"version": "2.0.1",
					"bundled": true
				},
				"iconv-lite": {
					"version": "0.4.24",
					"bundled": true,
					"requires": {
						"safer-buffer": ">= 2.1.2 < 3"
					}
				},
				"ignore-walk": {
					"version": "3.0.3",
					"bundled": true,
					"requires": {
						"minimatch": "^3.0.4"
					}
				},
				"inflight": {
					"version": "1.0.6",
					"bundled": true,
					"requires": {
						"once": "^1.3.0",
						"wrappy": "1"
					}
				},
				"inherits": {
					"version": "2.0.4",
					"bundled": true
				},
				"ini": {
					"version": "1.3.5",
					"bundled": true
				},
				"is-fullwidth-code-point": {
					"version": "1.0.0",
					"bundled": true,
					"requires": {
						"number-is-nan": "^1.0.0"
					}
				},
				"isarray": {
					"version": "1.0.0",
					"bundled": true
				},
				"minimatch": {
					"version": "3.0.4",
					"bundled": true,
					"requires": {
						"brace-expansion": "^1.1.7"
					}
				},
				"minimist": {
					"version": "1.2.0",
					"bundled": true
				},
				"minipass": {
					"version": "2.9.0",
					"bundled": true,
					"requires": {
						"safe-buffer": "^5.1.2",
						"yallist": "^3.0.0"
					}
				},
				"minizlib": {
					"version": "1.3.3",
					"bundled": true,
					"requires": {
						"minipass": "^2.9.0"
					}
				},
				"mkdirp": {
					"version": "0.5.1",
					"bundled": true,
					"requires": {
						"minimist": "0.0.8"
					},
					"dependencies": {
						"minimist": {
							"version": "0.0.8",
							"bundled": true
						}
					}
				},
				"ms": {
					"version": "2.1.2",
					"bundled": true
				},
				"needle": {
					"version": "2.4.0",
					"bundled": true,
					"requires": {
						"debug": "^3.2.6",
						"iconv-lite": "^0.4.4",
						"sax": "^1.2.4"
					}
				},
				"node-pre-gyp": {
					"version": "0.14.0",
					"bundled": true,
					"requires": {
						"detect-libc": "^1.0.2",
						"mkdirp": "^0.5.1",
						"needle": "^2.2.1",
						"nopt": "^4.0.1",
						"npm-packlist": "^1.1.6",
						"npmlog": "^4.0.2",
						"rc": "^1.2.7",
						"rimraf": "^2.6.1",
						"semver": "^5.3.0",
						"tar": "^4.4.2"
					}
				},
				"nopt": {
					"version": "4.0.1",
					"bundled": true,
					"requires": {
						"abbrev": "1",
						"osenv": "^0.1.4"
					}
				},
				"npm-bundled": {
					"version": "1.0.6",
					"bundled": true
				},
				"npm-packlist": {
					"version": "1.4.6",
					"bundled": true,
					"requires": {
						"ignore-walk": "^3.0.1",
						"npm-bundled": "^1.0.1"
					}
				},
				"npmlog": {
					"version": "4.1.2",
					"bundled": true,
					"requires": {
						"are-we-there-yet": "~1.1.2",
						"console-control-strings": "~1.1.0",
						"gauge": "~2.7.3",
						"set-blocking": "~2.0.0"
					}
				},
				"number-is-nan": {
					"version": "1.0.1",
					"bundled": true
				},
				"object-assign": {
					"version": "4.1.1",
					"bundled": true
				},
				"once": {
					"version": "1.4.0",
					"bundled": true,
					"requires": {
						"wrappy": "1"
					}
				},
				"os-homedir": {
					"version": "1.0.2",
					"bundled": true
				},
				"os-tmpdir": {
					"version": "1.0.2",
					"bundled": true
				},
				"osenv": {
					"version": "0.1.5",
					"bundled": true,
					"requires": {
						"os-homedir": "^1.0.0",
						"os-tmpdir": "^1.0.0"
					}
				},
				"path-is-absolute": {
					"version": "1.0.1",
					"bundled": true
				},
				"process-nextick-args": {
					"version": "2.0.1",
					"bundled": true
				},
				"rc": {
					"version": "1.2.8",
					"bundled": true,
					"requires": {
						"deep-extend": "^0.6.0",
						"ini": "~1.3.0",
						"minimist": "^1.2.0",
						"strip-json-comments": "~2.0.1"
					}
				},
				"readable-stream": {
					"version": "2.3.6",
					"bundled": true,
					"requires": {
						"core-util-is": "~1.0.0",
						"inherits": "~2.0.3",
						"isarray": "~1.0.0",
						"process-nextick-args": "~2.0.0",
						"safe-buffer": "~5.1.1",
						"string_decoder": "~1.1.1",
						"util-deprecate": "~1.0.1"
					}
				},
				"rimraf": {
					"version": "2.7.1",
					"bundled": true,
					"requires": {
						"glob": "^7.1.3"
					}
				},
				"safe-buffer": {
					"version": "5.1.2",
					"bundled": true
				},
				"safer-buffer": {
					"version": "2.1.2",
					"bundled": true
				},
				"sax": {
					"version": "1.2.4",
					"bundled": true
				},
				"semver": {
					"version": "5.7.1",
					"bundled": true
				},
				"set-blocking": {
					"version": "2.0.0",
					"bundled": true
				},
				"signal-exit": {
					"version": "3.0.2",
					"bundled": true
				},
				"string-width": {
					"version": "1.0.2",
					"bundled": true,
					"requires": {
						"code-point-at": "^1.0.0",
						"is-fullwidth-code-point": "^1.0.0",
						"strip-ansi": "^3.0.0"
					}
				},
				"string_decoder": {
					"version": "1.1.1",
					"bundled": true,
					"requires": {
						"safe-buffer": "~5.1.0"
					}
				},
				"strip-ansi": {
					"version": "3.0.1",
					"bundled": true,
					"requires": {
						"ansi-regex": "^2.0.0"
					}
				},
				"strip-json-comments": {
					"version": "2.0.1",
					"bundled": true
				},
				"tar": {
					"version": "4.4.13",
					"bundled": true,
					"requires": {
						"chownr": "^1.1.1",
						"fs-minipass": "^1.2.5",
						"minipass": "^2.8.6",
						"minizlib": "^1.2.1",
						"mkdirp": "^0.5.0",
						"safe-buffer": "^5.1.2",
						"yallist": "^3.0.3"
					}
				},
				"util-deprecate": {
					"version": "1.0.2",
					"bundled": true
				},
				"wide-align": {
					"version": "1.1.3",
					"bundled": true,
					"requires": {
						"string-width": "^1.0.2 || 2"
					}
				},
				"wrappy": {
					"version": "1.0.2",
					"bundled": true
				},
				"yallist": {
					"version": "3.1.1",
					"bundled": true
				}
			}
		},
		"inflight": {
			"version": "1.0.6",
			"resolved": "https://registry.npmjs.org/inflight/-/inflight-1.0.6.tgz",
			"integrity": "sha1-Sb1jMdfQLQwJvJEKEHW6gWW1bfk=",
			"requires": {
				"once": "^1.3.0",
				"wrappy": "1"
			}
		},
		"inherits": {
			"version": "2.0.4",
			"resolved": "https://registry.npmjs.org/inherits/-/inherits-2.0.4.tgz",
			"integrity": "sha512-k/vGaX4/Yla3WzyMCvTQOXYeIHvqOKtnqBduzTHpzpQZzAskKMhZ2K+EnBiSM9zGSoIFeMpXKxa4dYeZIQqewQ=="
		},
		"invert-kv": {
			"version": "1.0.0",
			"resolved": "https://registry.npmjs.org/invert-kv/-/invert-kv-1.0.0.tgz",
			"integrity": "sha1-EEqOSqym09jNFXqO+L+rLXo//bY="
		},
		"isarray": {
			"version": "0.0.1",
			"resolved": "https://registry.npmjs.org/isarray/-/isarray-0.0.1.tgz",
			"integrity": "sha1-ihis/Kmo9Bd+Cav8YDiTmwXR7t8=",
			"dev": true
		},
		"just-extend": {
			"version": "4.1.0",
			"resolved": "https://registry.npmjs.org/just-extend/-/just-extend-4.1.0.tgz",
			"integrity": "sha512-ApcjaOdVTJ7y4r08xI5wIqpvwS48Q0PBG4DJROcEkH1f8MdAiNFyFxz3xoL0LWAVwjrwPYZdVHHxhRHcx/uGLA==",
			"dev": true
		},
		"lcid": {
			"version": "1.0.0",
			"resolved": "https://registry.npmjs.org/lcid/-/lcid-1.0.0.tgz",
			"integrity": "sha1-MIrMr6C8SDo4Z7S28rlQYlHRuDU=",
			"requires": {
				"invert-kv": "^1.0.0"
			}
		},
		"lodash.camelcase": {
			"version": "4.3.0",
			"resolved": "https://registry.npmjs.org/lodash.camelcase/-/lodash.camelcase-4.3.0.tgz",
			"integrity": "sha1-soqmKIorn8ZRA1x3EfZathkDMaY="
		},
		"lodash.clone": {
			"version": "4.5.0",
			"resolved": "https://registry.npmjs.org/lodash.clone/-/lodash.clone-4.5.0.tgz",
			"integrity": "sha1-GVhwRQ9aExkkeN9Lw9I9LeoZB7Y="
		},
		"lodash.get": {
			"version": "4.4.2",
			"resolved": "https://registry.npmjs.org/lodash.get/-/lodash.get-4.4.2.tgz",
			"integrity": "sha1-LRd/ZS+jHpObRDjVNBSZ36OCXpk=",
			"dev": true
		},
		"long": {
			"version": "3.2.0",
			"resolved": "https://registry.npmjs.org/long/-/long-3.2.0.tgz",
			"integrity": "sha1-2CG3E4yhy1gcFymQ7xTbIAtcR0s="
		},
		"minimatch": {
			"version": "3.0.4",
			"resolved": "https://registry.npmjs.org/minimatch/-/minimatch-3.0.4.tgz",
			"integrity": "sha512-yJHVQEhyqPLUTgt9B83PXu6W3rx4MvvHvSUvToogpwoGDOUQ+yDrR0HRot+yOCdCO7u4hX3pWft6kWBBcqh0UA==",
			"requires": {
				"brace-expansion": "^1.1.7"
			}
		},
		"nan": {
			"version": "2.14.1",
			"resolved": "https://registry.npmjs.org/nan/-/nan-2.14.1.tgz",
			"integrity": "sha512-isWHgVjnFjh2x2yuJ/tj3JbwoHu3UC2dX5G/88Cm24yB6YopVgxvBObDY7n5xW6ExmFhJpSEQqFPvq9zaXc8Jw=="
		},
		"nise": {
			"version": "4.0.3",
			"resolved": "https://registry.npmjs.org/nise/-/nise-4.0.3.tgz",
			"integrity": "sha512-EGlhjm7/4KvmmE6B/UFsKh7eHykRl9VH+au8dduHLCyWUO/hr7+N+WtTvDUwc9zHuM1IaIJs/0lQ6Ag1jDkQSg==",
			"dev": true,
			"requires": {
				"@sinonjs/commons": "^1.7.0",
				"@sinonjs/fake-timers": "^6.0.0",
				"@sinonjs/text-encoding": "^0.7.1",
				"just-extend": "^4.0.2",
				"path-to-regexp": "^1.7.0"
			}
		},
		"number-is-nan": {
			"version": "1.0.1",
			"resolved": "https://registry.npmjs.org/number-is-nan/-/number-is-nan-1.0.1.tgz",
			"integrity": "sha1-CXtgK1NCKlIsGvuHkDGDNpQaAR0="
		},
		"once": {
			"version": "1.4.0",
			"resolved": "https://registry.npmjs.org/once/-/once-1.4.0.tgz",
			"integrity": "sha1-WDsap3WWHUsROsF9nFC6753Xa9E=",
			"requires": {
				"wrappy": "1"
			}
		},
		"optjs": {
			"version": "3.2.2",
			"resolved": "https://registry.npmjs.org/optjs/-/optjs-3.2.2.tgz",
			"integrity": "sha1-aabOicRCpEQDFBrS+bNwvVu29O4="
		},
		"os-locale": {
			"version": "1.4.0",
			"resolved": "https://registry.npmjs.org/os-locale/-/os-locale-1.4.0.tgz",
			"integrity": "sha1-IPnxeuKe00XoveWDsT0gCYA8FNk=",
			"requires": {
				"lcid": "^1.0.0"
			}
		},
		"path-is-absolute": {
			"version": "1.0.1",
			"resolved": "https://registry.npmjs.org/path-is-absolute/-/path-is-absolute-1.0.1.tgz",
			"integrity": "sha1-F0uSaHNVNP+8es5r9TpanhtcX18="
		},
		"path-to-regexp": {
			"version": "1.8.0",
			"resolved": "https://registry.npmjs.org/path-to-regexp/-/path-to-regexp-1.8.0.tgz",
			"integrity": "sha512-n43JRhlUKUAlibEJhPeir1ncUID16QnEjNpwzNdO3Lm4ywrBpBZ5oLD0I6br9evr1Y9JTqwRtAh7JLoOzAQdVA==",
			"dev": true,
			"requires": {
				"isarray": "0.0.1"
			}
		},
		"pathval": {
			"version": "1.1.0",
			"resolved": "https://registry.npmjs.org/pathval/-/pathval-1.1.0.tgz",
			"integrity": "sha1-uULm1L3mUwBe9rcTYd74cn0GReA=",
			"dev": true
		},
		"protobufjs": {
			"version": "5.0.3",
			"resolved": "https://registry.npmjs.org/protobufjs/-/protobufjs-5.0.3.tgz",
			"integrity": "sha512-55Kcx1MhPZX0zTbVosMQEO5R6/rikNXd9b6RQK4KSPcrSIIwoXTtebIczUrXlwaSrbz4x8XUVThGPob1n8I4QA==",
			"requires": {
				"ascli": "~1",
				"bytebuffer": "~5",
				"glob": "^7.0.5",
				"yargs": "^3.10.0"
			}
		},
		"sinon": {
			"version": "9.0.1",
			"resolved": "https://registry.npmjs.org/sinon/-/sinon-9.0.1.tgz",
			"integrity": "sha512-iTTyiQo5T94jrOx7X7QLBZyucUJ2WvL9J13+96HMfm2CGoJYbIPqRfl6wgNcqmzk0DI28jeGx5bUTXizkrqBmg==",
			"dev": true,
			"requires": {
				"@sinonjs/commons": "^1.7.0",
				"@sinonjs/fake-timers": "^6.0.0",
				"@sinonjs/formatio": "^5.0.1",
				"@sinonjs/samsam": "^5.0.3",
				"diff": "^4.0.2",
				"nise": "^4.0.1",
				"supports-color": "^7.1.0"
			},
			"dependencies": {
				"has-flag": {
					"version": "4.0.0",
					"resolved": "https://registry.npmjs.org/has-flag/-/has-flag-4.0.0.tgz",
					"integrity": "sha512-EykJT/Q1KjTWctppgIAgfSO0tKVuZUjhgMr17kqTumMl6Afv3EISleU7qZUzoXDFTAHTDC4NOoG/ZxU3EvlMPQ==",
					"dev": true
				},
				"supports-color": {
					"version": "7.1.0",
					"resolved": "https://registry.npmjs.org/supports-color/-/supports-color-7.1.0.tgz",
					"integrity": "sha512-oRSIpR8pxT1Wr2FquTNnGet79b3BWljqOuoW/h4oBhxJ/HUbX5nX6JSruTkvXDCFMwDPvsaTTbvMLKZWSy0R5g==",
					"dev": true,
					"requires": {
						"has-flag": "^4.0.0"
					}
				}
			}
		},
		"sinon-chai": {
			"version": "3.5.0",
			"resolved": "https://registry.npmjs.org/sinon-chai/-/sinon-chai-3.5.0.tgz",
			"integrity": "sha512-IifbusYiQBpUxxFJkR3wTU68xzBN0+bxCScEaKMjBvAQERg6FnTTc1F17rseLb1tjmkJ23730AXpFI0c47FgAg==",
			"dev": true
		},
		"type-detect": {
			"version": "4.0.8",
			"resolved": "https://registry.npmjs.org/type-detect/-/type-detect-4.0.8.tgz",
			"integrity": "sha512-0fr/mIH1dlO+x7TlcMy+bIDqKPsw/70tVyeHW787goQjhmqaZe10uwLujubK9q9Lg6Fiho1KUKDYz0Z7k7g5/g==",
			"dev": true
		},
		"window-size": {
			"version": "0.1.4",
			"resolved": "https://registry.npmjs.org/window-size/-/window-size-0.1.4.tgz",
			"integrity": "sha1-+OGqHuWlPsW/FR/6CXQqatdpeHY="
		},
		"wrap-ansi": {
			"version": "2.1.0",
			"resolved": "https://registry.npmjs.org/wrap-ansi/-/wrap-ansi-2.1.0.tgz",
			"integrity": "sha1-2Pw9KE3QV5T+hJc8rs3Rz4JP3YU=",
			"requires": {
				"string-width": "^1.0.1",
				"strip-ansi": "^3.0.1"
			},
			"dependencies": {
				"ansi-regex": {
					"version": "2.1.1",
					"resolved": "https://registry.npmjs.org/ansi-regex/-/ansi-regex-2.1.1.tgz",
					"integrity": "sha1-w7M6te42DYbg5ijwRorn7yfWVN8="
				},
				"is-fullwidth-code-point": {
					"version": "1.0.0",
					"resolved": "https://registry.npmjs.org/is-fullwidth-code-point/-/is-fullwidth-code-point-1.0.0.tgz",
					"integrity": "sha1-754xOG8DGn8NZDr4L95QxFfvAMs=",
					"requires": {
						"number-is-nan": "^1.0.0"
					}
				},
				"string-width": {
					"version": "1.0.2",
					"resolved": "https://registry.npmjs.org/string-width/-/string-width-1.0.2.tgz",
					"integrity": "sha1-EYvfW4zcUaKn5w0hHgfisLmxB9M=",
					"requires": {
						"code-point-at": "^1.0.0",
						"is-fullwidth-code-point": "^1.0.0",
						"strip-ansi": "^3.0.0"
					}
				},
				"strip-ansi": {
					"version": "3.0.1",
					"resolved": "https://registry.npmjs.org/strip-ansi/-/strip-ansi-3.0.1.tgz",
					"integrity": "sha1-ajhfuIU9lS1f8F0Oiq+UJ43GPc8=",
					"requires": {
						"ansi-regex": "^2.0.0"
					}
				}
			}
		},
		"wrappy": {
			"version": "1.0.2",
			"resolved": "https://registry.npmjs.org/wrappy/-/wrappy-1.0.2.tgz",
			"integrity": "sha1-tSQ9jz7BqjXxNkYFvA0QNuMKtp8="
		},
		"y18n": {
			"version": "3.2.1",
			"resolved": "https://registry.npmjs.org/y18n/-/y18n-3.2.1.tgz",
			"integrity": "sha1-bRX7qITAhnnA136I53WegR4H+kE="
		},
		"yargs": {
			"version": "3.32.0",
			"resolved": "https://registry.npmjs.org/yargs/-/yargs-3.32.0.tgz",
			"integrity": "sha1-AwiOnr+edWtpdRYR0qXvWRSCyZU=",
			"requires": {
				"camelcase": "^2.0.1",
				"cliui": "^3.0.3",
				"decamelize": "^1.1.1",
				"os-locale": "^1.4.0",
				"string-width": "^1.0.1",
				"window-size": "^0.1.4",
				"y18n": "^3.2.0"
			},
			"dependencies": {
				"ansi-regex": {
					"version": "2.1.1",
					"resolved": "https://registry.npmjs.org/ansi-regex/-/ansi-regex-2.1.1.tgz",
					"integrity": "sha1-w7M6te42DYbg5ijwRorn7yfWVN8="
				},
				"is-fullwidth-code-point": {
					"version": "1.0.0",
					"resolved": "https://registry.npmjs.org/is-fullwidth-code-point/-/is-fullwidth-code-point-1.0.0.tgz",
					"integrity": "sha1-754xOG8DGn8NZDr4L95QxFfvAMs=",
					"requires": {
						"number-is-nan": "^1.0.0"
					}
				},
				"string-width": {
					"version": "1.0.2",
					"resolved": "https://registry.npmjs.org/string-width/-/string-width-1.0.2.tgz",
					"integrity": "sha1-EYvfW4zcUaKn5w0hHgfisLmxB9M=",
					"requires": {
						"code-point-at": "^1.0.0",
						"is-fullwidth-code-point": "^1.0.0",
						"strip-ansi": "^3.0.0"
					}
				},
				"strip-ansi": {
					"version": "3.0.1",
					"resolved": "https://registry.npmjs.org/strip-ansi/-/strip-ansi-3.0.1.tgz",
					"integrity": "sha1-ajhfuIU9lS1f8F0Oiq+UJ43GPc8=",
					"requires": {
						"ansi-regex": "^2.0.0"
					}
				}
			}
		}
	}
}
