{
	"name": "@fonoster/voice",
	"version": "0.3.6-alpha.9",
	"lockfileVersion": 2,
	"requires": true,
	"packages": {
		"": {
			"name": "@fonoster/voice",
			"version": "0.3.6-alpha.4",
			"license": "MIT",
			"dependencies": {
				"@opentelemetry/resources": "0.25.0",
				"@opentelemetry/sdk-trace-base": "0.25.0",
				"@opentelemetry/semantic-conventions": "0.25.0"
			}
		},
		"../certs": {
			"name": "@fonoster/certs",
			"version": "0.2.29",
			"extraneous": true,
			"license": "MIT",
			"dependencies": {
				"@types/jsonwebtoken": "^8.5.0",
				"acme-client": "^4.1.3",
				"btoa": "^1.2.1",
				"jsonwebtoken": "^8.5.1"
			}
		},
		"../common": {
			"name": "@fonoster/common",
			"version": "0.2.29",
			"extraneous": true,
			"license": "MIT",
			"dependencies": {
				"@fonoster/certs": "^0.2.29",
				"@fonoster/logger": "^0.2.29",
				"@grpc/grpc-js": "^1.3.6",
				"atob": "^2.1.2",
				"deepmerge": "^4.2.2",
				"grpc-interceptors": "github:fonoster/node-grpc-interceptors"
			}
		},
		"../logger": {
			"name": "@fonoster/logger",
			"version": "0.2.29",
			"extraneous": true,
			"license": "MIT",
			"dependencies": {
				"fluent-logger": "^3.4.1",
				"winston": "^3.3.3"
			},
			"devDependencies": {
				"rimraf": "^3.0.2"
			}
		},
		"node_modules/@opentelemetry/api": {
			"version": "1.0.4",
			"resolved": "https://registry.npmjs.org/@opentelemetry/api/-/api-1.0.4.tgz",
			"integrity": "sha512-BuJuXRSJNQ3QoKA6GWWDyuLpOUck+9hAXNMCnrloc1aWVoy6Xq6t9PUV08aBZ4Lutqq2LEHM486bpZqoViScog==",
			"peer": true,
			"engines": {
				"node": ">=8.0.0"
			}
		},
		"node_modules/@opentelemetry/resources": {
			"version": "0.25.0",
			"resolved": "https://registry.npmjs.org/@opentelemetry/resources/-/resources-0.25.0.tgz",
			"integrity": "sha512-O46u53vDBlxCML8O9dIjsRcCC2VT5ri1upwhp02ITobgJ16aVD/iScCo1lPl/x2E7yq9uwzMINENiiYZRFb6XA==",
			"dependencies": {
				"@opentelemetry/core": "0.25.0",
				"@opentelemetry/semantic-conventions": "0.25.0"
			},
			"engines": {
				"node": ">=8.0.0"
			},
			"peerDependencies": {
				"@opentelemetry/api": "^1.0.2"
			}
		},
		"node_modules/@opentelemetry/resources/node_modules/@opentelemetry/core": {
			"version": "0.25.0",
			"resolved": "https://registry.npmjs.org/@opentelemetry/core/-/core-0.25.0.tgz",
			"integrity": "sha512-8OTWF4vfCENU112XB5ElLqf0eq/FhsY0SBvvY65vB3+fbZ2Oi+CPsRASrUZWGtC9MJ5rK2lBlY+/jI4a/NPPBg==",
			"dependencies": {
				"@opentelemetry/semantic-conventions": "0.25.0",
				"semver": "^7.3.5"
			},
			"engines": {
				"node": ">=8.5.0"
			},
			"peerDependencies": {
				"@opentelemetry/api": "^1.0.2"
			}
		},
		"node_modules/@opentelemetry/sdk-trace-base": {
			"version": "0.25.0",
			"resolved": "https://registry.npmjs.org/@opentelemetry/sdk-trace-base/-/sdk-trace-base-0.25.0.tgz",
			"integrity": "sha512-TInkLSF/ThM3GNVM+9tgnCVjyNLnRxvAkG585Fhu0HNwaEtCTUwI0r7AvMRIREOreeRWttBG6kvT0LOKdo8yjw==",
			"dependencies": {
				"@opentelemetry/core": "0.25.0",
				"@opentelemetry/resources": "0.25.0",
				"@opentelemetry/semantic-conventions": "0.25.0",
				"lodash.merge": "^4.6.2"
			},
			"engines": {
				"node": ">=8.0.0"
			},
			"peerDependencies": {
				"@opentelemetry/api": "^1.0.2"
			}
		},
		"node_modules/@opentelemetry/sdk-trace-base/node_modules/@opentelemetry/core": {
			"version": "0.25.0",
			"resolved": "https://registry.npmjs.org/@opentelemetry/core/-/core-0.25.0.tgz",
			"integrity": "sha512-8OTWF4vfCENU112XB5ElLqf0eq/FhsY0SBvvY65vB3+fbZ2Oi+CPsRASrUZWGtC9MJ5rK2lBlY+/jI4a/NPPBg==",
			"dependencies": {
				"@opentelemetry/semantic-conventions": "0.25.0",
				"semver": "^7.3.5"
			},
			"engines": {
				"node": ">=8.5.0"
			},
			"peerDependencies": {
				"@opentelemetry/api": "^1.0.2"
			}
		},
		"node_modules/@opentelemetry/semantic-conventions": {
			"version": "0.25.0",
			"resolved": "https://registry.npmjs.org/@opentelemetry/semantic-conventions/-/semantic-conventions-0.25.0.tgz",
			"integrity": "sha512-V3N+MDBiv0TUlorbgiSqk6CvcP876CYUk/41Tg6s8OIyvniTwprE6vPvFQayuABiVkGlHOxv1Mlvp0w4qNdnVg==",
			"engines": {
				"node": ">=8.0.0"
			}
		},
		"node_modules/lodash.merge": {
			"version": "4.6.2",
			"resolved": "https://registry.npmjs.org/lodash.merge/-/lodash.merge-4.6.2.tgz",
			"integrity": "sha512-0KpjqXRVvrYyCsX1swR/XTK0va6VQkQM6MNo7PqW77ByjAhoARA8EfrP1N4+KlKj8YS0ZUCtRT/YUuhyYDujIQ=="
		},
		"node_modules/lru-cache": {
			"version": "6.0.0",
			"resolved": "https://registry.npmjs.org/lru-cache/-/lru-cache-6.0.0.tgz",
			"integrity": "sha512-Jo6dJ04CmSjuznwJSS3pUeWmd/H0ffTlkXXgwZi+eq1UCmqQwCh+eLsYOYCwY991i2Fah4h1BEMCx4qThGbsiA==",
			"dependencies": {
				"yallist": "^4.0.0"
			},
			"engines": {
				"node": ">=10"
			}
		},
		"node_modules/semver": {
			"version": "7.3.5",
			"resolved": "https://registry.npmjs.org/semver/-/semver-7.3.5.tgz",
			"integrity": "sha512-PoeGJYh8HK4BTO/a9Tf6ZG3veo/A7ZVsYrSA6J8ny9nb3B1VrpkuN+z9OE5wfE5p6H4LchYZsegiQgbJD94ZFQ==",
			"dependencies": {
				"lru-cache": "^6.0.0"
			},
			"bin": {
				"semver": "bin/semver.js"
			},
			"engines": {
				"node": ">=10"
			}
		},
		"node_modules/yallist": {
			"version": "4.0.0",
			"resolved": "https://registry.npmjs.org/yallist/-/yallist-4.0.0.tgz",
			"integrity": "sha512-3wdGidZyq5PB084XLES5TpOSRA3wjXAlIWMhum2kRcv/41Sn2emQ0dycQW4uZXLejwKvg6EsvbdlVL+FYEct7A=="
		}
	},
	"dependencies": {
		"@opentelemetry/api": {
			"version": "1.0.4",
			"resolved": "https://registry.npmjs.org/@opentelemetry/api/-/api-1.0.4.tgz",
			"integrity": "sha512-BuJuXRSJNQ3QoKA6GWWDyuLpOUck+9hAXNMCnrloc1aWVoy6Xq6t9PUV08aBZ4Lutqq2LEHM486bpZqoViScog==",
			"peer": true
		},
		"@opentelemetry/resources": {
			"version": "0.25.0",
			"resolved": "https://registry.npmjs.org/@opentelemetry/resources/-/resources-0.25.0.tgz",
			"integrity": "sha512-O46u53vDBlxCML8O9dIjsRcCC2VT5ri1upwhp02ITobgJ16aVD/iScCo1lPl/x2E7yq9uwzMINENiiYZRFb6XA==",
			"requires": {
				"@opentelemetry/core": "0.25.0",
				"@opentelemetry/semantic-conventions": "0.25.0"
			},
			"dependencies": {
				"@opentelemetry/core": {
					"version": "0.25.0",
					"resolved": "https://registry.npmjs.org/@opentelemetry/core/-/core-0.25.0.tgz",
					"integrity": "sha512-8OTWF4vfCENU112XB5ElLqf0eq/FhsY0SBvvY65vB3+fbZ2Oi+CPsRASrUZWGtC9MJ5rK2lBlY+/jI4a/NPPBg==",
					"requires": {
						"@opentelemetry/semantic-conventions": "0.25.0",
						"semver": "^7.3.5"
					}
				}
			}
		},
		"@opentelemetry/sdk-trace-base": {
			"version": "0.25.0",
			"resolved": "https://registry.npmjs.org/@opentelemetry/sdk-trace-base/-/sdk-trace-base-0.25.0.tgz",
			"integrity": "sha512-TInkLSF/ThM3GNVM+9tgnCVjyNLnRxvAkG585Fhu0HNwaEtCTUwI0r7AvMRIREOreeRWttBG6kvT0LOKdo8yjw==",
			"requires": {
				"@opentelemetry/core": "0.25.0",
				"@opentelemetry/resources": "0.25.0",
				"@opentelemetry/semantic-conventions": "0.25.0",
				"lodash.merge": "^4.6.2"
			},
			"dependencies": {
				"@opentelemetry/core": {
					"version": "0.25.0",
					"resolved": "https://registry.npmjs.org/@opentelemetry/core/-/core-0.25.0.tgz",
					"integrity": "sha512-8OTWF4vfCENU112XB5ElLqf0eq/FhsY0SBvvY65vB3+fbZ2Oi+CPsRASrUZWGtC9MJ5rK2lBlY+/jI4a/NPPBg==",
					"requires": {
						"@opentelemetry/semantic-conventions": "0.25.0",
						"semver": "^7.3.5"
					}
				}
			}
		},
		"@opentelemetry/semantic-conventions": {
			"version": "0.25.0",
			"resolved": "https://registry.npmjs.org/@opentelemetry/semantic-conventions/-/semantic-conventions-0.25.0.tgz",
			"integrity": "sha512-V3N+MDBiv0TUlorbgiSqk6CvcP876CYUk/41Tg6s8OIyvniTwprE6vPvFQayuABiVkGlHOxv1Mlvp0w4qNdnVg=="
		},
		"lodash.merge": {
			"version": "4.6.2",
			"resolved": "https://registry.npmjs.org/lodash.merge/-/lodash.merge-4.6.2.tgz",
			"integrity": "sha512-0KpjqXRVvrYyCsX1swR/XTK0va6VQkQM6MNo7PqW77ByjAhoARA8EfrP1N4+KlKj8YS0ZUCtRT/YUuhyYDujIQ=="
		},
		"lru-cache": {
			"version": "6.0.0",
			"resolved": "https://registry.npmjs.org/lru-cache/-/lru-cache-6.0.0.tgz",
			"integrity": "sha512-Jo6dJ04CmSjuznwJSS3pUeWmd/H0ffTlkXXgwZi+eq1UCmqQwCh+eLsYOYCwY991i2Fah4h1BEMCx4qThGbsiA==",
			"requires": {
				"yallist": "^4.0.0"
			}
		},
		"semver": {
			"version": "7.3.5",
			"resolved": "https://registry.npmjs.org/semver/-/semver-7.3.5.tgz",
			"integrity": "sha512-PoeGJYh8HK4BTO/a9Tf6ZG3veo/A7ZVsYrSA6J8ny9nb3B1VrpkuN+z9OE5wfE5p6H4LchYZsegiQgbJD94ZFQ==",
			"requires": {
				"lru-cache": "^6.0.0"
			}
		},
		"yallist": {
			"version": "4.0.0",
			"resolved": "https://registry.npmjs.org/yallist/-/yallist-4.0.0.tgz",
			"integrity": "sha512-3wdGidZyq5PB084XLES5TpOSRA3wjXAlIWMhum2kRcv/41Sn2emQ0dycQW4uZXLejwKvg6EsvbdlVL+FYEct7A=="
		}
	}
}
