{
	"name": "@fonos/numbers",
	"version": "0.0.5",
	"lockfileVersion": 1,
	"requires": true,
	"dependencies": {
		"@sinonjs/commons": {
			"version": "1.7.1",
			"resolved": "https://registry.npmjs.org/@sinonjs/commons/-/commons-1.7.1.tgz",
			"integrity": "sha512-Debi3Baff1Qu1Unc3mjJ96MgpbwTn43S1+9yJ0llWygPwDNu2aaWBD6yc9y/Z8XDRNhx7U+u2UDg2OGQXkclUQ==",
			"dev": true,
			"requires": {
				"type-detect": "4.0.8"
			}
		},
		"@sinonjs/fake-timers": {
			"version": "6.0.1",
			"resolved": "https://registry.npmjs.org/@sinonjs/fake-timers/-/fake-timers-6.0.1.tgz",
			"integrity": "sha512-MZPUxrmFubI36XS1DI3qmI0YdN1gks62JtFZvxR67ljjSNCeK6U08Zx4msEWOXuofgqUt6zPHSi1H9fbjR/NRA==",
			"dev": true,
			"requires": {
				"@sinonjs/commons": "^1.7.0"
			}
		},
		"@sinonjs/formatio": {
			"version": "5.0.1",
			"resolved": "https://registry.npmjs.org/@sinonjs/formatio/-/formatio-5.0.1.tgz",
			"integrity": "sha512-KaiQ5pBf1MpS09MuA0kp6KBQt2JUOQycqVG1NZXvzeaXe5LGFqAKueIS0bw4w0P9r7KuBSVdUk5QjXsUdu2CxQ==",
			"dev": true,
			"requires": {
				"@sinonjs/commons": "^1",
				"@sinonjs/samsam": "^5.0.2"
			}
		},
		"@sinonjs/samsam": {
			"version": "5.0.3",
			"resolved": "https://registry.npmjs.org/@sinonjs/samsam/-/samsam-5.0.3.tgz",
			"integrity": "sha512-QucHkc2uMJ0pFGjJUDP3F9dq5dx8QIaqISl9QgwLOh6P9yv877uONPGXh/OH/0zmM3tW1JjuJltAZV2l7zU+uQ==",
			"dev": true,
			"requires": {
				"@sinonjs/commons": "^1.6.0",
				"lodash.get": "^4.4.2",
				"type-detect": "^4.0.8"
			}
		},
		"@sinonjs/text-encoding": {
			"version": "0.7.1",
			"resolved": "https://registry.npmjs.org/@sinonjs/text-encoding/-/text-encoding-0.7.1.tgz",
			"integrity": "sha512-+iTbntw2IZPb/anVDbypzfQa+ay64MW0Zo8aJ8gZPWMMK6/OubMVb6lUPMagqjOPnmtauXnFCACVl3O7ogjeqQ==",
			"dev": true
		},
		"assertion-error": {
			"version": "1.1.0",
			"resolved": "https://registry.npmjs.org/assertion-error/-/assertion-error-1.1.0.tgz",
			"integrity": "sha512-jgsaNduz+ndvGyFt3uSuWqvy4lCnIJiovtouQN5JZHOKCS2QuhEdbcQHFhVksz2N2U9hXJo8odG7ETyWlEeuDw==",
			"dev": true
		},
		"chai": {
			"version": "4.2.0",
			"resolved": "https://registry.npmjs.org/chai/-/chai-4.2.0.tgz",
			"integrity": "sha512-XQU3bhBukrOsQCuwZndwGcCVQHyZi53fQ6Ys1Fym7E4olpIqqZZhhoFJoaKVvV17lWQoXYwgWN2nF5crA8J2jw==",
			"dev": true,
			"requires": {
				"assertion-error": "^1.1.0",
				"check-error": "^1.0.2",
				"deep-eql": "^3.0.1",
				"get-func-name": "^2.0.0",
				"pathval": "^1.1.0",
				"type-detect": "^4.0.5"
			}
		},
		"chai-as-promised": {
			"version": "7.1.1",
			"resolved": "https://registry.npmjs.org/chai-as-promised/-/chai-as-promised-7.1.1.tgz",
			"integrity": "sha512-azL6xMoi+uxu6z4rhWQ1jbdUhOMhis2PvscD/xjLqNMkv3BPPp2JyyuTHOrf9BOosGpNQ11v6BKv/g57RXbiaA==",
			"dev": true,
			"requires": {
				"check-error": "^1.0.2"
			}
		},
		"check-error": {
			"version": "1.0.2",
			"resolved": "https://registry.npmjs.org/check-error/-/check-error-1.0.2.tgz",
			"integrity": "sha1-V00xLt2Iu13YkS6Sht1sCu1KrII=",
			"dev": true
		},
		"deep-eql": {
			"version": "3.0.1",
			"resolved": "https://registry.npmjs.org/deep-eql/-/deep-eql-3.0.1.tgz",
			"integrity": "sha512-+QeIQyN5ZuO+3Uk5DYh6/1eKO0m0YmJFGNmFHGACpf1ClL1nmlV/p4gNgbl2pJGxgXb4faqo6UE+M5ACEMyVcw==",
			"dev": true,
			"requires": {
				"type-detect": "^4.0.0"
			}
		},
		"detect-libc": {
			"version": "1.0.3",
			"resolved": "https://registry.npmjs.org/detect-libc/-/detect-libc-1.0.3.tgz",
			"integrity": "sha1-+hN8S9aY7fVc1c0CrFWfkaTEups="
		},
		"diff": {
			"version": "4.0.2",
			"resolved": "https://registry.npmjs.org/diff/-/diff-4.0.2.tgz",
			"integrity": "sha512-58lmxKSA4BNyLz+HHMUzlOEpg09FV+ev6ZMe3vJihgdxzgcwZ8VoEEPmALCZG9LmqfVoNMMKpttIYTVG6uDY7A==",
			"dev": true
		},
		"dotenv": {
			"version": "8.2.0",
			"resolved": "https://registry.npmjs.org/dotenv/-/dotenv-8.2.0.tgz",
			"integrity": "sha512-8sJ78ElpbDJBHNeBzUbUVLsqKdccaa/BXF1uPTw3GrvQTBgrQrtObr2mUrE38vzYd8cEv+m/JBfDLioYcfXoaw=="
		},
		"fibers": {
			"version": "4.0.2",
			"resolved": "https://registry.npmjs.org/fibers/-/fibers-4.0.2.tgz",
			"integrity": "sha512-FhICi1K4WZh9D6NC18fh2ODF3EWy1z0gzIdV9P7+s2pRjfRBnCkMDJ6x3bV1DkVymKH8HGrQa/FNOBjYvnJ/tQ==",
			"requires": {
				"detect-libc": "^1.0.3"
			}
		},
		"get-func-name": {
			"version": "2.0.0",
			"resolved": "https://registry.npmjs.org/get-func-name/-/get-func-name-2.0.0.tgz",
			"integrity": "sha1-6td0q+5y4gQJQzoGY2YCPdaIekE=",
			"dev": true
		},
		"grpc-promise": {
			"version": "1.4.0",
			"resolved": "https://registry.npmjs.org/grpc-promise/-/grpc-promise-1.4.0.tgz",
			"integrity": "sha512-4BBXHXb5OjjBh7luylu8vFqL6H6aPn/LeqpQaSBeRzO/Xv95wHW/WkU9TJRqaCTMZ5wq9jTSvlJWp0vRJy1pVA=="
		},
		"has-flag": {
			"version": "4.0.0",
			"resolved": "https://registry.npmjs.org/has-flag/-/has-flag-4.0.0.tgz",
			"integrity": "sha512-EykJT/Q1KjTWctppgIAgfSO0tKVuZUjhgMr17kqTumMl6Afv3EISleU7qZUzoXDFTAHTDC4NOoG/ZxU3EvlMPQ==",
			"dev": true
		},
		"isarray": {
			"version": "0.0.1",
			"resolved": "https://registry.npmjs.org/isarray/-/isarray-0.0.1.tgz",
			"integrity": "sha1-ihis/Kmo9Bd+Cav8YDiTmwXR7t8=",
			"dev": true
		},
		"just-extend": {
			"version": "4.1.0",
			"resolved": "https://registry.npmjs.org/just-extend/-/just-extend-4.1.0.tgz",
			"integrity": "sha512-ApcjaOdVTJ7y4r08xI5wIqpvwS48Q0PBG4DJROcEkH1f8MdAiNFyFxz3xoL0LWAVwjrwPYZdVHHxhRHcx/uGLA==",
			"dev": true
		},
		"lodash.get": {
			"version": "4.4.2",
			"resolved": "https://registry.npmjs.org/lodash.get/-/lodash.get-4.4.2.tgz",
			"integrity": "sha1-LRd/ZS+jHpObRDjVNBSZ36OCXpk=",
			"dev": true
		},
		"nise": {
			"version": "4.0.3",
			"resolved": "https://registry.npmjs.org/nise/-/nise-4.0.3.tgz",
			"integrity": "sha512-EGlhjm7/4KvmmE6B/UFsKh7eHykRl9VH+au8dduHLCyWUO/hr7+N+WtTvDUwc9zHuM1IaIJs/0lQ6Ag1jDkQSg==",
			"dev": true,
			"requires": {
				"@sinonjs/commons": "^1.7.0",
				"@sinonjs/fake-timers": "^6.0.0",
				"@sinonjs/text-encoding": "^0.7.1",
				"just-extend": "^4.0.2",
				"path-to-regexp": "^1.7.0"
			}
		},
		"path-to-regexp": {
			"version": "1.8.0",
			"resolved": "https://registry.npmjs.org/path-to-regexp/-/path-to-regexp-1.8.0.tgz",
			"integrity": "sha512-n43JRhlUKUAlibEJhPeir1ncUID16QnEjNpwzNdO3Lm4ywrBpBZ5oLD0I6br9evr1Y9JTqwRtAh7JLoOzAQdVA==",
			"dev": true,
			"requires": {
				"isarray": "0.0.1"
			}
		},
		"pathval": {
			"version": "1.1.0",
			"resolved": "https://registry.npmjs.org/pathval/-/pathval-1.1.0.tgz",
			"integrity": "sha1-uULm1L3mUwBe9rcTYd74cn0GReA=",
			"dev": true
		},
		"sinon": {
			"version": "9.0.1",
			"resolved": "https://registry.npmjs.org/sinon/-/sinon-9.0.1.tgz",
			"integrity": "sha512-iTTyiQo5T94jrOx7X7QLBZyucUJ2WvL9J13+96HMfm2CGoJYbIPqRfl6wgNcqmzk0DI28jeGx5bUTXizkrqBmg==",
			"dev": true,
			"requires": {
				"@sinonjs/commons": "^1.7.0",
				"@sinonjs/fake-timers": "^6.0.0",
				"@sinonjs/formatio": "^5.0.1",
				"@sinonjs/samsam": "^5.0.3",
				"diff": "^4.0.2",
				"nise": "^4.0.1",
				"supports-color": "^7.1.0"
			}
		},
		"sinon-chai": {
			"version": "3.5.0",
			"resolved": "https://registry.npmjs.org/sinon-chai/-/sinon-chai-3.5.0.tgz",
			"integrity": "sha512-IifbusYiQBpUxxFJkR3wTU68xzBN0+bxCScEaKMjBvAQERg6FnTTc1F17rseLb1tjmkJ23730AXpFI0c47FgAg==",
			"dev": true
		},
		"supports-color": {
			"version": "7.1.0",
			"resolved": "https://registry.npmjs.org/supports-color/-/supports-color-7.1.0.tgz",
			"integrity": "sha512-oRSIpR8pxT1Wr2FquTNnGet79b3BWljqOuoW/h4oBhxJ/HUbX5nX6JSruTkvXDCFMwDPvsaTTbvMLKZWSy0R5g==",
			"dev": true,
			"requires": {
				"has-flag": "^4.0.0"
			}
		},
		"sync": {
			"version": "0.2.5",
			"resolved": "https://registry.npmjs.org/sync/-/sync-0.2.5.tgz",
			"integrity": "sha1-ORC7m2ar7lZULi5w8M5UkDElLfY=",
			"requires": {
				"fibers": ">=0.6"
			}
		},
		"type-detect": {
			"version": "4.0.8",
			"resolved": "https://registry.npmjs.org/type-detect/-/type-detect-4.0.8.tgz",
			"integrity": "sha512-0fr/mIH1dlO+x7TlcMy+bIDqKPsw/70tVyeHW787goQjhmqaZe10uwLujubK9q9Lg6Fiho1KUKDYz0Z7k7g5/g==",
			"dev": true
		}
	}
}
