{
  "name": "@fonoster/numbers",
  "version": "0.4.0",
  "lockfileVersion": 2,
  "requires": true,
  "packages": {
    "": {
      "name": "@fonoster/numbers",
      "version": "0.4.0",
      "license": "MIT",
      "dependencies": {
        "@grpc/grpc-js": "1.3.7",
        "@opentelemetry/api": "^1.0.4",
        "google-protobuf": "^3.17.0",
        "grpc-promise": "^1.4.0",
        "phone": "^3.1.31"
      }
    },
    "node_modules/@grpc/grpc-js": {
      "version": "1.3.7",
      "resolved": "https://registry.npmjs.org/@grpc/grpc-js/-/grpc-js-1.3.7.tgz",
      "integrity": "sha512-CKQVuwuSPh40tgOkR7c0ZisxYRiN05PcKPW72mQL5y++qd7CwBRoaJZvU5xfXnCJDFBmS3qZGQ71Frx6Ofo2XA==",
      "dependencies": {
        "@types/node": ">=12.12.47"
      },
      "engines": {
        "node": "^8.13.0 || >=10.10.0"
      }
    },
    "node_modules/@opentelemetry/api": {
      "version": "1.4.1",
      "resolved": "https://registry.npmjs.org/@opentelemetry/api/-/api-1.4.1.tgz",
      "integrity": "sha512-O2yRJce1GOc6PAy3QxFM4NzFiWzvScDC1/5ihYBL6BUEVdq0XMWN01sppE+H6bBXbaFYipjwFLEWLg5PaSOThA==",
      "engines": {
        "node": ">=8.0.0"
      }
    },
    "node_modules/@types/node": {
      "version": "18.15.11",
      "resolved": "https://registry.npmjs.org/@types/node/-/node-18.15.11.tgz",
      "integrity": "sha512-E5Kwq2n4SbMzQOn6wnmBjuK9ouqlURrcZDVfbo9ftDDTFt3nk7ZKK4GMOzoYgnpQJKcxwQw+lGaBvvlMo0qN/Q=="
    },
    "node_modules/google-protobuf": {
      "version": "3.21.2",
      "resolved": "https://registry.npmjs.org/google-protobuf/-/google-protobuf-3.21.2.tgz",
      "integrity": "sha512-3MSOYFO5U9mPGikIYCzK0SaThypfGgS6bHqrUGXG3DPHCrb+txNqeEcns1W0lkGfk0rCyNXm7xB9rMxnCiZOoA=="
    },
    "node_modules/grpc-promise": {
      "version": "1.4.0",
      "resolved": "https://registry.npmjs.org/grpc-promise/-/grpc-promise-1.4.0.tgz",
      "integrity": "sha512-4BBXHXb5OjjBh7luylu8vFqL6H6aPn/LeqpQaSBeRzO/Xv95wHW/WkU9TJRqaCTMZ5wq9jTSvlJWp0vRJy1pVA=="
    },
    "node_modules/phone": {
      "version": "3.1.37",
      "resolved": "https://registry.npmjs.org/phone/-/phone-3.1.37.tgz",
      "integrity": "sha512-DV7+e8TkH1SHITfzayRVa4X6hRzIOX/Ptr7S2NhoetbeaZ6Sw330UO2gtyP8+TWj+KpoCfRJn2d6cFUO2jH5jw==",
      "engines": {
        "node": ">=12"
      }
    }
  },
  "dependencies": {
    "@grpc/grpc-js": {
      "version": "1.3.7",
      "resolved": "https://registry.npmjs.org/@grpc/grpc-js/-/grpc-js-1.3.7.tgz",
      "integrity": "sha512-CKQVuwuSPh40tgOkR7c0ZisxYRiN05PcKPW72mQL5y++qd7CwBRoaJZvU5xfXnCJDFBmS3qZGQ71Frx6Ofo2XA==",
      "requires": {
        "@types/node": ">=12.12.47"
      }
    },
    "@opentelemetry/api": {
      "version": "1.4.1",
      "resolved": "https://registry.npmjs.org/@opentelemetry/api/-/api-1.4.1.tgz",
      "integrity": "sha512-O2yRJce1GOc6PAy3QxFM4NzFiWzvScDC1/5ihYBL6BUEVdq0XMWN01sppE+H6bBXbaFYipjwFLEWLg5PaSOThA=="
    },
    "@types/node": {
      "version": "18.15.11",
      "resolved": "https://registry.npmjs.org/@types/node/-/node-18.15.11.tgz",
      "integrity": "sha512-E5Kwq2n4SbMzQOn6wnmBjuK9ouqlURrcZDVfbo9ftDDTFt3nk7ZKK4GMOzoYgnpQJKcxwQw+lGaBvvlMo0qN/Q=="
    },
    "google-protobuf": {
      "version": "3.21.2",
      "resolved": "https://registry.npmjs.org/google-protobuf/-/google-protobuf-3.21.2.tgz",
      "integrity": "sha512-3MSOYFO5U9mPGikIYCzK0SaThypfGgS6bHqrUGXG3DPHCrb+txNqeEcns1W0lkGfk0rCyNXm7xB9rMxnCiZOoA=="
    },
    "grpc-promise": {
      "version": "1.4.0",
      "resolved": "https://registry.npmjs.org/grpc-promise/-/grpc-promise-1.4.0.tgz",
      "integrity": "sha512-4BBXHXb5OjjBh7luylu8vFqL6H6aPn/LeqpQaSBeRzO/Xv95wHW/WkU9TJRqaCTMZ5wq9jTSvlJWp0vRJy1pVA=="
    },
    "phone": {
      "version": "3.1.37",
      "resolved": "https://registry.npmjs.org/phone/-/phone-3.1.37.tgz",
      "integrity": "sha512-DV7+e8TkH1SHITfzayRVa4X6hRzIOX/Ptr7S2NhoetbeaZ6Sw330UO2gtyP8+TWj+KpoCfRJn2d6cFUO2jH5jw=="
    }
  }
}
