{
  "name": "@fonoster/numbers",
  "version": "0.3.27",
  "lockfileVersion": 2,
  "requires": true,
  "packages": {
    "": {
      "name": "@fonoster/numbers",
      "version": "0.3.27",
      "license": "MIT",
      "dependencies": {
        "phone": "^3.1.37"
      },
      "bin": {
        "healthcheck_numbers": "dist/service/healthcheck.js",
        "run_numbers": "dist/service/runner.js"
      }
    },
    "../auth": {
      "name": "@fonoster/auth",
      "version": "0.3.3",
      "extraneous": true,
      "license": "MIT",
      "dependencies": {
        "@fonoster/certs": "^0.3.3",
        "@fonoster/common": "^0.3.3",
        "@fonoster/errors": "^0.3.3",
        "@fonoster/logger": "^0.3.3",
        "@grpc/grpc-js": "^1.3.7",
        "express": "^4.17.1",
        "google-protobuf": "^3.17.0",
        "grpc-promise": "^1.4.0",
        "jsonwebtoken": "^8.5.1"
      },
      "bin": {
        "healthcheck_auth": "dist/service/healthcheck.js",
        "run_auth": "dist/service/runner.js"
      },
      "devDependencies": {
        "@types/jsonwebtoken": "^8.5.0"
      }
    },
    "../certs": {
      "name": "@fonoster/certs",
      "version": "0.3.3",
      "extraneous": true,
      "license": "MIT",
      "dependencies": {
        "@types/jsonwebtoken": "^8.5.0",
        "acme-client": "^4.1.3",
        "btoa": "^1.2.1",
        "jsonwebtoken": "^8.5.1"
      }
    },
    "../common": {
      "name": "@fonoster/common",
      "version": "0.3.3",
      "extraneous": true,
      "license": "MIT",
      "dependencies": {
        "@fonoster/certs": "^0.3.3",
        "@fonoster/logger": "^0.3.3",
        "@grpc/grpc-js": "^1.3.7",
        "atob": "^2.1.2",
        "deepmerge": "^4.2.2",
        "grpc-interceptors": "github:fonoster/node-grpc-interceptors"
      }
    },
    "../core": {
      "name": "@fonoster/core",
      "version": "0.3.3",
      "extraneous": true,
      "license": "MIT",
      "dependencies": {
        "@fonoster/auth": "^0.3.3",
        "@fonoster/certs": "^0.3.3",
        "@fonoster/common": "^0.3.3",
        "@fonoster/errors": "^0.3.3",
        "@fonoster/logger": "^0.3.3",
        "@grpc/grpc-js": "^1.3.7",
        "atob": "^2.1.2",
        "btoa": "^1.2.1",
        "deepmerge": "^4.2.2",
        "grpc-ts-health-check": "^2.0.6",
        "ioredis": "^4.16.0",
        "nanoid": "^3.1.23",
        "phone": "^2.4.21"
      },
      "devDependencies": {
        "@types/btoa": "^1.2.3",
        "@types/ioredis": "^4.16.5"
      }
    },
    "../errors": {
      "name": "@fonoster/errors",
      "version": "0.3.3",
      "extraneous": true,
      "license": "MIT"
    },
    "../logger": {
      "name": "@fonoster/logger",
      "version": "0.3.3",
      "extraneous": true,
      "license": "MIT",
      "dependencies": {
        "fluent-logger": "^3.4.1",
        "winston": "^3.3.3"
      },
      "devDependencies": {
        "rimraf": "^3.0.2"
      }
    },
    "node_modules/phone": {
      "version": "3.1.32",
      "resolved": "https://registry.npmjs.org/phone/-/phone-3.1.32.tgz",
      "integrity": "sha512-kT89uAqNr8sEXjv/2NDzp2Kpb/BQ5bTzHMLZFwUnqDnDBaObcO3qLzQ030tDlhxZrFVUd+EIq8pie5/L8SNVrQ==",
      "engines": {
        "node": ">=12"
      }
    }
  },
  "dependencies": {
    "phone": {
      "version": "3.1.32",
      "resolved": "https://registry.npmjs.org/phone/-/phone-3.1.32.tgz",
      "integrity": "sha512-kT89uAqNr8sEXjv/2NDzp2Kpb/BQ5bTzHMLZFwUnqDnDBaObcO3qLzQ030tDlhxZrFVUd+EIq8pie5/L8SNVrQ=="
    }
  }
}
