dependencies:
- name: redis
  repository: https://charts.bitnami.com/bitnami
  version: 10.6.18
- name: minio
  repository: https://openchart.choerodon.com.cn/choerodon/c7n
  version: 5.0.5
- name: rabbitmq
  repository: https://charts.bitnami.com/bitnami
  version: 7.5.6
digest: sha256:fe65c9934c89ba3014ee59e6988517d8d0c115b4379356c66ae8c718a78b9a9a
generated: "2020-07-27T21:43:32.81806-04:00"
